
Microsoft Visual Studio Solution File, Format Version 12.00
Project("{FAE04EC0-301F-11D3-BF4B-00C04F79EFBC}") = "Homework", "Homework\Homework.csproj", "{106A580D-A9C0-454D-BB1B-1817CD138C2D}"
EndProject
Project("{FAE04EC0-301F-11D3-BF4B-00C04F79EFBC}") = "Test", "Test\Test.csproj", "{4877CE7C-4A10-4FC6-A4C8-7CB5FDE89885}"
EndProject
Global
	GlobalSection(SolutionConfigurationPlatforms) = preSolution
		Debug|Any CPU = Debug|Any CPU
		Release|Any CPU = Release|Any CPU
	EndGlobalSection
	GlobalSection(ProjectConfigurationPlatforms) = postSolution
		{106A580D-A9C0-454D-BB1B-1817CD138C2D}.Debug|Any CPU.ActiveCfg = Debug|Any CPU
		{106A580D-A9C0-454D-BB1B-1817CD138C2D}.Debug|Any CPU.Build.0 = Debug|Any CPU
		{106A580D-A9C0-454D-BB1B-1817CD138C2D}.Release|Any CPU.ActiveCfg = Release|Any CPU
		{106A580D-A9C0-454D-BB1B-1817CD138C2D}.Release|Any CPU.Build.0 = Release|Any CPU
		{4877CE7C-4A10-4FC6-A4C8-7CB5FDE89885}.Debug|Any CPU.ActiveCfg = Debug|Any CPU
		{4877CE7C-4A10-4FC6-A4C8-7CB5FDE89885}.Debug|Any CPU.Build.0 = Debug|Any CPU
		{4877CE7C-4A10-4FC6-A4C8-7CB5FDE89885}.Release|Any CPU.ActiveCfg = Release|Any CPU
		{4877CE7C-4A10-4FC6-A4C8-7CB5FDE89885}.Release|Any CPU.Build.0 = Release|Any CPU
	EndGlobalSection
EndGlobal
